
Microsoft Visual Studio Solution File, Format Version 12.00
# Visual Studio Version 16
VisualStudioVersion = 16.0.35026.282
MinimumVisualStudioVersion = 10.0.40219.1
Project("{8BC9CEB8-8B4A-11D0-8D11-00A0C91BC942}") = "Chuong01_SapXep", "Chuong01_SapXep\Chuong01_SapXep.vcxproj", "{4DF19B13-F295-4C16-A944-1D452DA6853A}"
EndProject
Global
	GlobalSection(SolutionConfigurationPlatforms) = preSolution
		Debug|x64 = Debug|x64
		Debug|x86 = Debug|x86
		Release|x64 = Release|x64
		Release|x86 = Release|x86
	EndGlobalSection
	GlobalSection(ProjectConfigurationPlatforms) = postSolution
		{4DF19B13-F295-4C16-A944-1D452DA6853A}.Debug|x64.ActiveCfg = Debug|x64
		{4DF19B13-F295-4C16-A944-1D452DA6853A}.Debug|x64.Build.0 = Debug|x64
		{4DF19B13-F295-4C16-A944-1D452DA6853A}.Debug|x86.ActiveCfg = Debug|Win32
		{4DF19B13-F295-4C16-A944-1D452DA6853A}.Debug|x86.Build.0 = Debug|Win32
		{4DF19B13-F295-4C16-A944-1D452DA6853A}.Release|x64.ActiveCfg = Release|x64
		{4DF19B13-F295-4C16-A944-1D452DA6853A}.Release|x64.Build.0 = Release|x64
		{4DF19B13-F295-4C16-A944-1D452DA6853A}.Release|x86.ActiveCfg = Release|Win32
		{4DF19B13-F295-4C16-A944-1D452DA6853A}.Release|x86.Build.0 = Release|Win32
	EndGlobalSection
	GlobalSection(SolutionProperties) = preSolution
		HideSolutionNode = FALSE
	EndGlobalSection
	GlobalSection(ExtensibilityGlobals) = postSolution
		SolutionGuid = {CB8CFC89-93F8-4308-B482-13F810AEF3E2}
	EndGlobalSection
EndGlobal
